github.com/tinywasm/fmt v0.25.5 h1:2nBU5H1lszhkGIusm7m4S+rGM2rPiIJkhvQqwqN17qo=
github.com/tinywasm/fmt v0.25.5/go.mod h1:2Y4hlsQxqVsZ5z9vQL5XQbEzLQtQOr1Bhp44nPGfydA=
github.com/tinywasm/form v0.3.13 h1:1QAk0kyy+j3QZBAb5C8DM5XsO/xN2wx782ePO7XzH6U=
github.com/tinywasm/form v0.3.13/go.mod h1:GbrGy6o67W1uYNabo0Lo5tgOrYPsuShyQdnmaLYb8UY=
github.com/tinywasm/json v0.5.17 h1:yucPs19Tuiy+a+ZdsiqyKR3CyFHjm66W1ZZwCnhmPJk=
github.com/tinywasm/json v0.5.17/go.mod h1:2DE5+HKkqAvoGFYAhoZQX1ogCXQtrukGdwxYNVtigAY=
github.com/tinywasm/model v0.1.2 h1:CsSwyLFKk53XtFVg63H3StMRD4kwdPgxhd7p5b1pxtQ=
github.com/tinywasm/model v0.1.2/go.mod h1:Cx/RTzSOH/DM2DtP6JqdhIRTDlf31EstTV5Y0RSp/dg=
github.com/tinywasm/orm v0.11.4 h1:F0hArRvs3l96ew1a2i1zMPhSTKXKuYidXbSJatFu/58=
github.com/tinywasm/orm v0.11.4/go.mod h1:AXZ5UYIZZXXdLoa7nge/r8FOLtXCgCAtk2SNfjHOoUA=
github.com/tinywasm/router v0.1.19 h1:MC5vh+9FoQ8aildUn8t0M2MmDUs/AEsY5eBfzJ2DApk=
github.com/tinywasm/router v0.1.19/go.mod h1:dyNvyFC1GXhzDAL5jtRxiDGQyGGpRjHHH1Ceowwd34U=
github.com/tinywasm/storage v0.0.2-0.20260717121821-7e528006807f h1:pUgAGvJFbNcBjRscHmA15A8AbdCinZ8wp8AzsOs/tz8=
github.com/tinywasm/storage v0.0.2-0.20260717121821-7e528006807f/go.mod h1:mF48cBANp2vWkgj2EbpurNY5QY4fYqpCTwbNaaLM5Ic=
