webtyp.com/escape v0.1.0 h1:LvAiviOM15TUiJBUK4CO7TLp3oAQ+GoKunaVTVKsklA=
webtyp.com/escape v0.1.0/go.mod h1:77ZTqob2u8NA2FUu723FzajXwcTk4ddlWWLXtKyOfO4=
webtyp.com/fmt v1.0.0 h1:W0vMMGC6ezg1q2LarAEaVnNvZ26hVqzZdQQH1wcNogM=
webtyp.com/fmt v1.0.0/go.mod h1:FmTxx713R45J21kbH5JOmKGaaCap3fJPA9Yl2n4Ch7U=
webtyp.com/input v0.0.13 h1:WqeYuRfWNzDJfRCEV7oJXPgPZLbTMTHGj6r233d70s0=
webtyp.com/input v0.0.13/go.mod h1:60ZTntExi/YHpTp7/esBroKAxc+piXak9mpp7gk534Q=
webtyp.com/json v0.5.29 h1:6+xcKm8Vz6Idrj51/5qadJRMbH0gldUe/DnuueAzIbE=
webtyp.com/json v0.5.29/go.mod h1:SrPAF5eadQeUVdnBX4wfi4gvztvaTBAO1y8AuHedOSw=
webtyp.com/lang v0.1.1 h1:cpTZ9exOmkvtlxblsGv+3Ic28oXcsVGALY/IiWMzErc=
webtyp.com/lang v0.1.1/go.mod h1:OuJEJVwVeHSMs5GUtWs+cIZ7vQKup0qTZKilvSBEsmE=
webtyp.com/model v0.2.2 h1:9+yUcKgnbZombAmnXsKXdCWXWNq5ZgdKDFJj0V102g8=
webtyp.com/model v0.2.2/go.mod h1:OkyYeE3GOG8eAQGhd9wVsORAhr+xYj3q8avpoGXG25c=
webtyp.com/orm v0.12.1 h1:p+MCEg6NOexDh9aNBaBmb94dUtJlxyQ4CssXcvDgkFk=
webtyp.com/orm v0.12.1/go.mod h1:mqDLgyTZC8iPY6VXDivWiRKPt2Gg2rgCn9noyUUT5JQ=
webtyp.com/router v0.3.2 h1:4Sxvwg7x+4+sHs2PGo8C48CkS5lufIh/W43CzYLrqg0=
webtyp.com/router v0.3.2/go.mod h1:C7IDoFEuwq8kTMeM+qzCPP9dY0Yd2PP8xU4zNiN0FAI=
webtyp.com/storage v0.0.7 h1:L9zRLTdj/vzBvEefedRi8vFpllegY+GpdcbA/zKbTZE=
webtyp.com/storage v0.0.7/go.mod h1:CjNQUZR19Rczs5G8BO886jYKWf5LBNyJKVK7oostqpQ=
webtyp.com/view v0.6.22 h1:jSg0VC4aQx3jvBxeOe5LEbJV17hHxQ1+rwM3lVMZXM4=
webtyp.com/view v0.6.22/go.mod h1:G7IsHsVGGe1THBTpCYmTuRRUyrk6oOgsX7Vo62EsnTg=
